
Microsoft Visual Studio Solution File, Format Version 12.00
# Visual Studio Version 17
VisualStudioVersion = 17.0.32126.317
MinimumVisualStudioVersion = 10.0.40219.1
Project("{FAE04EC0-301F-11D3-BF4B-00C04F79EFBC}") = "project menu", "project menu\project menu.csproj", "{AF5E7CBC-3422-4762-9069-8AB7140F50EE}"
EndProject
Global
	GlobalSection(SolutionConfigurationPlatforms) = preSolution
		Debug|Any CPU = Debug|Any CPU
		Release|Any CPU = Release|Any CPU
	EndGlobalSection
	GlobalSection(ProjectConfigurationPlatforms) = postSolution
		{AF5E7CBC-3422-4762-9069-8AB7140F50EE}.Debug|Any CPU.ActiveCfg = Debug|Any CPU
		{AF5E7CBC-3422-4762-9069-8AB7140F50EE}.Debug|Any CPU.Build.0 = Debug|Any CPU
		{AF5E7CBC-3422-4762-9069-8AB7140F50EE}.Release|Any CPU.ActiveCfg = Release|Any CPU
		{AF5E7CBC-3422-4762-9069-8AB7140F50EE}.Release|Any CPU.Build.0 = Release|Any CPU
	EndGlobalSection
	GlobalSection(SolutionProperties) = preSolution
		HideSolutionNode = FALSE
	EndGlobalSection
	GlobalSection(ExtensibilityGlobals) = postSolution
		SolutionGuid = {3797B3F3-C6DF-4ADF-928D-7F561687C201}
	EndGlobalSection
EndGlobal
